
Microsoft Visual Studio Solution File, Format Version 12.00
# Visual Studio 15
VisualStudioVersion = 15.0.26124.0
MinimumVisualStudioVersion = 15.0.26124.0
Project("{2150E333-8FDC-42A3-9474-1A3956D46DE8}") = "src", "src", "{F50DBE2C-01A2-48D0-9154-D0FAF3B2818A}"
EndProject
Project("{FAE04EC0-301F-11D3-BF4B-00C04F79EFBC}") = "MechKeyboardBase.Web", "src\MechKeyboardBase.Web\MechKeyboardBase.Web.csproj", "{DE3C3F01-6D47-4CD4-88FB-3FC6A62B81B5}"
EndProject
Project("{2150E333-8FDC-42A3-9474-1A3956D46DE8}") = "tests", "tests", "{1D7AC153-B3D3-440C-ACAE-A5CCF7482735}"
EndProject
Project("{FAE04EC0-301F-11D3-BF4B-00C04F79EFBC}") = "MechKeyboardBase.Web.Tests", "tests\MechKeyboardBase.Web.Tests\MechKeyboardBase.Web.Tests.csproj", "{40F9A4DD-D10E-4D01-B58E-A6CEA1AE8C52}"
EndProject
Project("{FAE04EC0-301F-11D3-BF4B-00C04F79EFBC}") = "MechKeyboardBase.Core", "src\MechKeyboardBase.Core\MechKeyboardBase.Core.csproj", "{E6F24DFC-86E0-45AC-9823-DEB22747F7EF}"
EndProject
Project("{FAE04EC0-301F-11D3-BF4B-00C04F79EFBC}") = "MechKeyboardBase.Infrastructure", "src\MechKeyboardBase.Infrastructure\MechKeyboardBase.Infrastructure.csproj", "{D4EFA5C8-6197-4145-B79F-24AB7468D671}"
EndProject
Global
	GlobalSection(SolutionConfigurationPlatforms) = preSolution
		Debug|Any CPU = Debug|Any CPU
		Debug|x64 = Debug|x64
		Debug|x86 = Debug|x86
		Release|Any CPU = Release|Any CPU
		Release|x64 = Release|x64
		Release|x86 = Release|x86
	EndGlobalSection
	GlobalSection(SolutionProperties) = preSolution
		HideSolutionNode = FALSE
	EndGlobalSection
	GlobalSection(ProjectConfigurationPlatforms) = postSolution
		{DE3C3F01-6D47-4CD4-88FB-3FC6A62B81B5}.Debug|Any CPU.ActiveCfg = Debug|Any CPU
		{DE3C3F01-6D47-4CD4-88FB-3FC6A62B81B5}.Debug|Any CPU.Build.0 = Debug|Any CPU
		{DE3C3F01-6D47-4CD4-88FB-3FC6A62B81B5}.Debug|x64.ActiveCfg = Debug|Any CPU
		{DE3C3F01-6D47-4CD4-88FB-3FC6A62B81B5}.Debug|x64.Build.0 = Debug|Any CPU
		{DE3C3F01-6D47-4CD4-88FB-3FC6A62B81B5}.Debug|x86.ActiveCfg = Debug|Any CPU
		{DE3C3F01-6D47-4CD4-88FB-3FC6A62B81B5}.Debug|x86.Build.0 = Debug|Any CPU
		{DE3C3F01-6D47-4CD4-88FB-3FC6A62B81B5}.Release|Any CPU.ActiveCfg = Release|Any CPU
		{DE3C3F01-6D47-4CD4-88FB-3FC6A62B81B5}.Release|Any CPU.Build.0 = Release|Any CPU
		{DE3C3F01-6D47-4CD4-88FB-3FC6A62B81B5}.Release|x64.ActiveCfg = Release|Any CPU
		{DE3C3F01-6D47-4CD4-88FB-3FC6A62B81B5}.Release|x64.Build.0 = Release|Any CPU
		{DE3C3F01-6D47-4CD4-88FB-3FC6A62B81B5}.Release|x86.ActiveCfg = Release|Any CPU
		{DE3C3F01-6D47-4CD4-88FB-3FC6A62B81B5}.Release|x86.Build.0 = Release|Any CPU
		{40F9A4DD-D10E-4D01-B58E-A6CEA1AE8C52}.Debug|Any CPU.ActiveCfg = Debug|Any CPU
		{40F9A4DD-D10E-4D01-B58E-A6CEA1AE8C52}.Debug|Any CPU.Build.0 = Debug|Any CPU
		{40F9A4DD-D10E-4D01-B58E-A6CEA1AE8C52}.Debug|x64.ActiveCfg = Debug|Any CPU
		{40F9A4DD-D10E-4D01-B58E-A6CEA1AE8C52}.Debug|x64.Build.0 = Debug|Any CPU
		{40F9A4DD-D10E-4D01-B58E-A6CEA1AE8C52}.Debug|x86.ActiveCfg = Debug|Any CPU
		{40F9A4DD-D10E-4D01-B58E-A6CEA1AE8C52}.Debug|x86.Build.0 = Debug|Any CPU
		{40F9A4DD-D10E-4D01-B58E-A6CEA1AE8C52}.Release|Any CPU.ActiveCfg = Release|Any CPU
		{40F9A4DD-D10E-4D01-B58E-A6CEA1AE8C52}.Release|Any CPU.Build.0 = Release|Any CPU
		{40F9A4DD-D10E-4D01-B58E-A6CEA1AE8C52}.Release|x64.ActiveCfg = Release|Any CPU
		{40F9A4DD-D10E-4D01-B58E-A6CEA1AE8C52}.Release|x64.Build.0 = Release|Any CPU
		{40F9A4DD-D10E-4D01-B58E-A6CEA1AE8C52}.Release|x86.ActiveCfg = Release|Any CPU
		{40F9A4DD-D10E-4D01-B58E-A6CEA1AE8C52}.Release|x86.Build.0 = Release|Any CPU
		{E6F24DFC-86E0-45AC-9823-DEB22747F7EF}.Debug|Any CPU.ActiveCfg = Debug|Any CPU
		{E6F24DFC-86E0-45AC-9823-DEB22747F7EF}.Debug|Any CPU.Build.0 = Debug|Any CPU
		{E6F24DFC-86E0-45AC-9823-DEB22747F7EF}.Debug|x64.ActiveCfg = Debug|Any CPU
		{E6F24DFC-86E0-45AC-9823-DEB22747F7EF}.Debug|x64.Build.0 = Debug|Any CPU
		{E6F24DFC-86E0-45AC-9823-DEB22747F7EF}.Debug|x86.ActiveCfg = Debug|Any CPU
		{E6F24DFC-86E0-45AC-9823-DEB22747F7EF}.Debug|x86.Build.0 = Debug|Any CPU
		{E6F24DFC-86E0-45AC-9823-DEB22747F7EF}.Release|Any CPU.ActiveCfg = Release|Any CPU
		{E6F24DFC-86E0-45AC-9823-DEB22747F7EF}.Release|Any CPU.Build.0 = Release|Any CPU
		{E6F24DFC-86E0-45AC-9823-DEB22747F7EF}.Release|x64.ActiveCfg = Release|Any CPU
		{E6F24DFC-86E0-45AC-9823-DEB22747F7EF}.Release|x64.Build.0 = Release|Any CPU
		{E6F24DFC-86E0-45AC-9823-DEB22747F7EF}.Release|x86.ActiveCfg = Release|Any CPU
		{E6F24DFC-86E0-45AC-9823-DEB22747F7EF}.Release|x86.Build.0 = Release|Any CPU
		{D4EFA5C8-6197-4145-B79F-24AB7468D671}.Debug|Any CPU.ActiveCfg = Debug|Any CPU
		{D4EFA5C8-6197-4145-B79F-24AB7468D671}.Debug|Any CPU.Build.0 = Debug|Any CPU
		{D4EFA5C8-6197-4145-B79F-24AB7468D671}.Debug|x64.ActiveCfg = Debug|Any CPU
		{D4EFA5C8-6197-4145-B79F-24AB7468D671}.Debug|x64.Build.0 = Debug|Any CPU
		{D4EFA5C8-6197-4145-B79F-24AB7468D671}.Debug|x86.ActiveCfg = Debug|Any CPU
		{D4EFA5C8-6197-4145-B79F-24AB7468D671}.Debug|x86.Build.0 = Debug|Any CPU
		{D4EFA5C8-6197-4145-B79F-24AB7468D671}.Release|Any CPU.ActiveCfg = Release|Any CPU
		{D4EFA5C8-6197-4145-B79F-24AB7468D671}.Release|Any CPU.Build.0 = Release|Any CPU
		{D4EFA5C8-6197-4145-B79F-24AB7468D671}.Release|x64.ActiveCfg = Release|Any CPU
		{D4EFA5C8-6197-4145-B79F-24AB7468D671}.Release|x64.Build.0 = Release|Any CPU
		{D4EFA5C8-6197-4145-B79F-24AB7468D671}.Release|x86.ActiveCfg = Release|Any CPU
		{D4EFA5C8-6197-4145-B79F-24AB7468D671}.Release|x86.Build.0 = Release|Any CPU
	EndGlobalSection
	GlobalSection(NestedProjects) = preSolution
		{DE3C3F01-6D47-4CD4-88FB-3FC6A62B81B5} = {F50DBE2C-01A2-48D0-9154-D0FAF3B2818A}
		{40F9A4DD-D10E-4D01-B58E-A6CEA1AE8C52} = {1D7AC153-B3D3-440C-ACAE-A5CCF7482735}
		{E6F24DFC-86E0-45AC-9823-DEB22747F7EF} = {F50DBE2C-01A2-48D0-9154-D0FAF3B2818A}
		{D4EFA5C8-6197-4145-B79F-24AB7468D671} = {F50DBE2C-01A2-48D0-9154-D0FAF3B2818A}
	EndGlobalSection
EndGlobal
